{
  "pins" : [
    {
      "identity" : "factory",
      "kind" : "remoteSourceControl",
      "location" : "https://github.com/hmlongco/Factory",
      "state" : {
        "revision" : "bf4e0ab7cfc45a921856d9ca196d834b7abf15a0",
        "version" : "2.1.5"
      }
    },
    {
      "identity" : "sfsafesymbols",
      "kind" : "remoteSourceControl",
      "location" : "https://github.com/SFSafeSymbols/SFSafeSymbols",
      "state" : {
        "revision" : "7cca2d60925876b5953a2cf7341cd80fbeac983c",
        "version" : "4.1.1"
      }
    },
    {
      "identity" : "url-image",
      "kind" : "remoteSourceControl",
      "location" : "https://github.com/dmytro-anokhin/url-image",
      "state" : {
        "revision" : "4042f955f1fdff00ced85545e1eecdbf969b5cd0",
        "version" : "3.1.1"
      }
    }
  ],
  "version" : 2
}
