// !$*UTF8*$!
{
	archiveVersion = 1;
	classes = {
	};
	objectVersion = 56;
	objects = {

/* Begin PBXBuildFile section */
		E600BD1F2A38347D009F099B /* ImageTitleToggle.swift in Sources */ = {isa = PBXBuildFile; fileRef = E600BD1E2A38347D009F099B /* ImageTitleToggle.swift */; };
		E600BD222A383B0D009F099B /* PollCreatorViewModel.swift in Sources */ = {isa = PBXBuildFile; fileRef = E600BD212A383B0D009F099B /* PollCreatorViewModel.swift */; };
		E600BD242A383B3D009F099B /* MessageListViewModel.swift in Sources */ = {isa = PBXBuildFile; fileRef = E600BD232A383B3D009F099B /* MessageListViewModel.swift */; };
		E600BD262A38468B009F099B /* AvatarView+Extensions.swift in Sources */ = {isa = PBXBuildFile; fileRef = E600BD252A38468B009F099B /* AvatarView+Extensions.swift */; };
		E600BD2C2A385238009F099B /* Factory in Frameworks */ = {isa = PBXBuildFile; productRef = E600BD2B2A385238009F099B /* Factory */; };
		E6097F1D2A36E73600663BE6 /* InfoSection.swift in Sources */ = {isa = PBXBuildFile; fileRef = E6097F1C2A36E73600663BE6 /* InfoSection.swift */; };
		E612C2DF2A31F6F5003CFB70 /* Color+Extensions.swift in Sources */ = {isa = PBXBuildFile; fileRef = E612C2DE2A31F6F5003CFB70 /* Color+Extensions.swift */; };
		E612C2E12A31F861003CFB70 /* Constants.swift in Sources */ = {isa = PBXBuildFile; fileRef = E612C2E02A31F861003CFB70 /* Constants.swift */; };
		E612C2E32A320014003CFB70 /* LKColors+Extensions.swift in Sources */ = {isa = PBXBuildFile; fileRef = E612C2E22A320014003CFB70 /* LKColors+Extensions.swift */; };
		E652A8E12A28C8650010F621 /* Messages.swift in Sources */ = {isa = PBXBuildFile; fileRef = E652A8E02A28C8650010F621 /* Messages.swift */; };
		E652A8E52A28C9120010F621 /* User.swift in Sources */ = {isa = PBXBuildFile; fileRef = E652A8E42A28C9120010F621 /* User.swift */; };
		E652A8E82A28C9650010F621 /* MessageService.swift in Sources */ = {isa = PBXBuildFile; fileRef = E652A8E72A28C9650010F621 /* MessageService.swift */; };
		E66E585A2A35C8BF00A9DC82 /* Poll+Extensions.swift in Sources */ = {isa = PBXBuildFile; fileRef = E66E58592A35C8BF00A9DC82 /* Poll+Extensions.swift */; };
		E6767B0A2A372A6C00EEB385 /* HideKeyboardOnScrollModifier.swift in Sources */ = {isa = PBXBuildFile; fileRef = E6767B092A372A6C00EEB385 /* HideKeyboardOnScrollModifier.swift */; };
		E6767B0F2A381DE300EEB385 /* MockMessageService.swift in Sources */ = {isa = PBXBuildFile; fileRef = E6767B0E2A381DE300EEB385 /* MockMessageService.swift */; };
		E6767B112A381E4700EEB385 /* PollAddAnOptionView.swift in Sources */ = {isa = PBXBuildFile; fileRef = E6767B102A381E4700EEB385 /* PollAddAnOptionView.swift */; };
		E6A11BBA2A31DC8B0041B705 /* View+Extensions.swift in Sources */ = {isa = PBXBuildFile; fileRef = E6A11BB92A31DC8B0041B705 /* View+Extensions.swift */; };
		E6A477752A284DA40024081F /* MessengerApp.swift in Sources */ = {isa = PBXBuildFile; fileRef = E6A477742A284DA40024081F /* MessengerApp.swift */; };
		E6A477772A284DA40024081F /* MessageListScreen.swift in Sources */ = {isa = PBXBuildFile; fileRef = E6A477762A284DA40024081F /* MessageListScreen.swift */; };
		E6A477792A284DA40024081F /* Assets.xcassets in Resources */ = {isa = PBXBuildFile; fileRef = E6A477782A284DA40024081F /* Assets.xcassets */; };
		E6A4777C2A284DA40024081F /* Preview Assets.xcassets in Resources */ = {isa = PBXBuildFile; fileRef = E6A4777B2A284DA40024081F /* Preview Assets.xcassets */; };
		E6B8489D2A309BE50080D447 /* SFSafeSymbols in Frameworks */ = {isa = PBXBuildFile; productRef = E6B8489C2A309BE50080D447 /* SFSafeSymbols */; };
		E6B8489F2A30BA6C0080D447 /* Binding+Extensions.swift in Sources */ = {isa = PBXBuildFile; fileRef = E6B8489E2A30BA6C0080D447 /* Binding+Extensions.swift */; };
		E6C4BF982A35C33B00A9BBFF /* PollMessage+Extensions.swift in Sources */ = {isa = PBXBuildFile; fileRef = E6C4BF972A35C33B00A9BBFF /* PollMessage+Extensions.swift */; };
		E6D38B5A2A34911D009BC2DA /* Poppins-Bold.ttf in Resources */ = {isa = PBXBuildFile; fileRef = E6D38B582A34911D009BC2DA /* Poppins-Bold.ttf */; };
		E6D38B5B2A34911D009BC2DA /* Poppins-Regular.ttf in Resources */ = {isa = PBXBuildFile; fileRef = E6D38B592A34911D009BC2DA /* Poppins-Regular.ttf */; };
		E6D38B5E2A34924B009BC2DA /* Font+Extensions.swift in Sources */ = {isa = PBXBuildFile; fileRef = E6D38B5D2A34924B009BC2DA /* Font+Extensions.swift */; };
		E6D38B602A357A52009BC2DA /* AvatarView.swift in Sources */ = {isa = PBXBuildFile; fileRef = E6D38B5F2A357A52009BC2DA /* AvatarView.swift */; };
		E6D38B622A357BFC009BC2DA /* Poppins-Medium.ttf in Resources */ = {isa = PBXBuildFile; fileRef = E6D38B612A357BFC009BC2DA /* Poppins-Medium.ttf */; };
		E6D38B642A358228009BC2DA /* Poppins-SemiBold.ttf in Resources */ = {isa = PBXBuildFile; fileRef = E6D38B632A358228009BC2DA /* Poppins-SemiBold.ttf */; };
		E6ED6BDE2A2C8EB70052611A /* User+Extensions.swift in Sources */ = {isa = PBXBuildFile; fileRef = E6ED6BDD2A2C8EB70052611A /* User+Extensions.swift */; };
		E6ED6BE42A2C90650052611A /* TextMessageView.swift in Sources */ = {isa = PBXBuildFile; fileRef = E6ED6BE32A2C90650052611A /* TextMessageView.swift */; };
		E6ED6BE62A2C90750052611A /* PollMessageView.swift in Sources */ = {isa = PBXBuildFile; fileRef = E6ED6BE52A2C90750052611A /* PollMessageView.swift */; };
		E6ED6BE82A2C94D30052611A /* MessageTextField.swift in Sources */ = {isa = PBXBuildFile; fileRef = E6ED6BE72A2C94D30052611A /* MessageTextField.swift */; };
		E6ED6BEA2A2D9C150052611A /* PollCreatorScreen.swift in Sources */ = {isa = PBXBuildFile; fileRef = E6ED6BE92A2D9C150052611A /* PollCreatorScreen.swift */; };
		E6ED6BED2A2F282B0052611A /* PollEditOptionView.swift in Sources */ = {isa = PBXBuildFile; fileRef = E6ED6BEC2A2F282B0052611A /* PollEditOptionView.swift */; };
/* End PBXBuildFile section */

/* Begin PBXFileReference section */
		E600BD1E2A38347D009F099B /* ImageTitleToggle.swift */ = {isa = PBXFileReference; lastKnownFileType = sourcecode.swift; path = ImageTitleToggle.swift; sourceTree = "<group>"; };
		E600BD212A383B0D009F099B /* PollCreatorViewModel.swift */ = {isa = PBXFileReference; lastKnownFileType = sourcecode.swift; path = PollCreatorViewModel.swift; sourceTree = "<group>"; };
		E600BD232A383B3D009F099B /* MessageListViewModel.swift */ = {isa = PBXFileReference; lastKnownFileType = sourcecode.swift; path = MessageListViewModel.swift; sourceTree = "<group>"; };
		E600BD252A38468B009F099B /* AvatarView+Extensions.swift */ = {isa = PBXFileReference; lastKnownFileType = sourcecode.swift; path = "AvatarView+Extensions.swift"; sourceTree = "<group>"; };
		E6097F1C2A36E73600663BE6 /* InfoSection.swift */ = {isa = PBXFileReference; lastKnownFileType = sourcecode.swift; path = InfoSection.swift; sourceTree = "<group>"; };
		E612C2DE2A31F6F5003CFB70 /* Color+Extensions.swift */ = {isa = PBXFileReference; lastKnownFileType = sourcecode.swift; path = "Color+Extensions.swift"; sourceTree = "<group>"; };
		E612C2E02A31F861003CFB70 /* Constants.swift */ = {isa = PBXFileReference; lastKnownFileType = sourcecode.swift; path = Constants.swift; sourceTree = "<group>"; };
		E612C2E22A320014003CFB70 /* LKColors+Extensions.swift */ = {isa = PBXFileReference; lastKnownFileType = sourcecode.swift; path = "LKColors+Extensions.swift"; sourceTree = "<group>"; };
		E652A8E02A28C8650010F621 /* Messages.swift */ = {isa = PBXFileReference; lastKnownFileType = sourcecode.swift; path = Messages.swift; sourceTree = "<group>"; };
		E652A8E42A28C9120010F621 /* User.swift */ = {isa = PBXFileReference; lastKnownFileType = sourcecode.swift; path = User.swift; sourceTree = "<group>"; };
		E652A8E72A28C9650010F621 /* MessageService.swift */ = {isa = PBXFileReference; lastKnownFileType = sourcecode.swift; path = MessageService.swift; sourceTree = "<group>"; };
		E66E58592A35C8BF00A9DC82 /* Poll+Extensions.swift */ = {isa = PBXFileReference; lastKnownFileType = sourcecode.swift; path = "Poll+Extensions.swift"; sourceTree = "<group>"; };
		E6767B092A372A6C00EEB385 /* HideKeyboardOnScrollModifier.swift */ = {isa = PBXFileReference; lastKnownFileType = sourcecode.swift; path = HideKeyboardOnScrollModifier.swift; sourceTree = "<group>"; };
		E6767B0E2A381DE300EEB385 /* MockMessageService.swift */ = {isa = PBXFileReference; lastKnownFileType = sourcecode.swift; path = MockMessageService.swift; sourceTree = "<group>"; };
		E6767B102A381E4700EEB385 /* PollAddAnOptionView.swift */ = {isa = PBXFileReference; lastKnownFileType = sourcecode.swift; path = PollAddAnOptionView.swift; sourceTree = "<group>"; };
		E6A11BB92A31DC8B0041B705 /* View+Extensions.swift */ = {isa = PBXFileReference; lastKnownFileType = sourcecode.swift; path = "View+Extensions.swift"; sourceTree = "<group>"; };
		E6A477712A284DA40024081F /* messenger.app */ = {isa = PBXFileReference; explicitFileType = wrapper.application; includeInIndex = 0; path = messenger.app; sourceTree = BUILT_PRODUCTS_DIR; };
		E6A477742A284DA40024081F /* MessengerApp.swift */ = {isa = PBXFileReference; lastKnownFileType = sourcecode.swift; path = MessengerApp.swift; sourceTree = "<group>"; };
		E6A477762A284DA40024081F /* MessageListScreen.swift */ = {isa = PBXFileReference; lastKnownFileType = sourcecode.swift; path = MessageListScreen.swift; sourceTree = "<group>"; };
		E6A477782A284DA40024081F /* Assets.xcassets */ = {isa = PBXFileReference; lastKnownFileType = folder.assetcatalog; path = Assets.xcassets; sourceTree = "<group>"; };
		E6A4777B2A284DA40024081F /* Preview Assets.xcassets */ = {isa = PBXFileReference; lastKnownFileType = folder.assetcatalog; path = "Preview Assets.xcassets"; sourceTree = "<group>"; };
		E6B8489E2A30BA6C0080D447 /* Binding+Extensions.swift */ = {isa = PBXFileReference; lastKnownFileType = sourcecode.swift; path = "Binding+Extensions.swift"; sourceTree = "<group>"; };
		E6C4BF972A35C33B00A9BBFF /* PollMessage+Extensions.swift */ = {isa = PBXFileReference; lastKnownFileType = sourcecode.swift; path = "PollMessage+Extensions.swift"; sourceTree = "<group>"; };
		E6D38B582A34911D009BC2DA /* Poppins-Bold.ttf */ = {isa = PBXFileReference; lastKnownFileType = file; path = "Poppins-Bold.ttf"; sourceTree = "<group>"; };
		E6D38B592A34911D009BC2DA /* Poppins-Regular.ttf */ = {isa = PBXFileReference; lastKnownFileType = file; path = "Poppins-Regular.ttf"; sourceTree = "<group>"; };
		E6D38B5C2A349208009BC2DA /* Info.plist */ = {isa = PBXFileReference; lastKnownFileType = text.plist; path = Info.plist; sourceTree = "<group>"; };
		E6D38B5D2A34924B009BC2DA /* Font+Extensions.swift */ = {isa = PBXFileReference; lastKnownFileType = sourcecode.swift; path = "Font+Extensions.swift"; sourceTree = "<group>"; };
		E6D38B5F2A357A52009BC2DA /* AvatarView.swift */ = {isa = PBXFileReference; lastKnownFileType = sourcecode.swift; path = AvatarView.swift; sourceTree = "<group>"; };
		E6D38B612A357BFC009BC2DA /* Poppins-Medium.ttf */ = {isa = PBXFileReference; lastKnownFileType = file; path = "Poppins-Medium.ttf"; sourceTree = "<group>"; };
		E6D38B632A358228009BC2DA /* Poppins-SemiBold.ttf */ = {isa = PBXFileReference; lastKnownFileType = file; path = "Poppins-SemiBold.ttf"; sourceTree = "<group>"; };
		E6ED6BDD2A2C8EB70052611A /* User+Extensions.swift */ = {isa = PBXFileReference; lastKnownFileType = sourcecode.swift; path = "User+Extensions.swift"; sourceTree = "<group>"; };
		E6ED6BE32A2C90650052611A /* TextMessageView.swift */ = {isa = PBXFileReference; lastKnownFileType = sourcecode.swift; path = TextMessageView.swift; sourceTree = "<group>"; };
		E6ED6BE52A2C90750052611A /* PollMessageView.swift */ = {isa = PBXFileReference; lastKnownFileType = sourcecode.swift; path = PollMessageView.swift; sourceTree = "<group>"; };
		E6ED6BE72A2C94D30052611A /* MessageTextField.swift */ = {isa = PBXFileReference; lastKnownFileType = sourcecode.swift; path = MessageTextField.swift; sourceTree = "<group>"; };
		E6ED6BE92A2D9C150052611A /* PollCreatorScreen.swift */ = {isa = PBXFileReference; lastKnownFileType = sourcecode.swift; path = PollCreatorScreen.swift; sourceTree = "<group>"; };
		E6ED6BEC2A2F282B0052611A /* PollEditOptionView.swift */ = {isa = PBXFileReference; lastKnownFileType = sourcecode.swift; path = PollEditOptionView.swift; sourceTree = "<group>"; };
/* End PBXFileReference section */

/* Begin PBXFrameworksBuildPhase section */
		E6A4776E2A284DA40024081F /* Frameworks */ = {
			isa = PBXFrameworksBuildPhase;
			buildActionMask = 2147483647;
			files = (
				E600BD2C2A385238009F099B /* Factory in Frameworks */,
				E6B8489D2A309BE50080D447 /* SFSafeSymbols in Frameworks */,
			);
			runOnlyForDeploymentPostprocessing = 0;
		};
/* End PBXFrameworksBuildPhase section */

/* Begin PBXGroup section */
		E600BD202A3835EB009F099B /* LKUIKit */ = {
			isa = PBXGroup;
			children = (
				E6D38B5F2A357A52009BC2DA /* AvatarView.swift */,
				E6097F1C2A36E73600663BE6 /* InfoSection.swift */,
				E600BD1E2A38347D009F099B /* ImageTitleToggle.swift */,
			);
			path = LKUIKit;
			sourceTree = "<group>";
		};
		E600BD272A3846DD009F099B /* UI */ = {
			isa = PBXGroup;
			children = (
				E6D38B5D2A34924B009BC2DA /* Font+Extensions.swift */,
				E612C2E22A320014003CFB70 /* LKColors+Extensions.swift */,
				E612C2DE2A31F6F5003CFB70 /* Color+Extensions.swift */,
				E6A11BB92A31DC8B0041B705 /* View+Extensions.swift */,
				E600BD252A38468B009F099B /* AvatarView+Extensions.swift */,
			);
			path = UI;
			sourceTree = "<group>";
		};
		E600BD282A3846FA009F099B /* Entities */ = {
			isa = PBXGroup;
			children = (
				E6ED6BDD2A2C8EB70052611A /* User+Extensions.swift */,
				E6C4BF972A35C33B00A9BBFF /* PollMessage+Extensions.swift */,
				E66E58592A35C8BF00A9DC82 /* Poll+Extensions.swift */,
			);
			path = Entities;
			sourceTree = "<group>";
		};
		E600BD292A38472B009F099B /* Core */ = {
			isa = PBXGroup;
			children = (
				E6B8489E2A30BA6C0080D447 /* Binding+Extensions.swift */,
			);
			path = Core;
			sourceTree = "<group>";
		};
		E62030A82A36E3FE00B743AE /* Fonts */ = {
			isa = PBXGroup;
			children = (
				E6D38B612A357BFC009BC2DA /* Poppins-Medium.ttf */,
				E6D38B632A358228009BC2DA /* Poppins-SemiBold.ttf */,
				E6D38B582A34911D009BC2DA /* Poppins-Bold.ttf */,
				E6D38B592A34911D009BC2DA /* Poppins-Regular.ttf */,
			);
			path = Fonts;
			sourceTree = "<group>";
		};
		E652A8DE2A28C83F0010F621 /* MessageService */ = {
			isa = PBXGroup;
			children = (
				E652A8DF2A28C85B0010F621 /* Entities */,
				E652A8E72A28C9650010F621 /* MessageService.swift */,
				E6767B0E2A381DE300EEB385 /* MockMessageService.swift */,
			);
			path = MessageService;
			sourceTree = "<group>";
		};
		E652A8DF2A28C85B0010F621 /* Entities */ = {
			isa = PBXGroup;
			children = (
				E652A8E02A28C8650010F621 /* Messages.swift */,
				E652A8E42A28C9120010F621 /* User.swift */,
			);
			path = Entities;
			sourceTree = "<group>";
		};
		E6767B0D2A372AEF00EEB385 /* ViewModifiers */ = {
			isa = PBXGroup;
			children = (
				E6767B092A372A6C00EEB385 /* HideKeyboardOnScrollModifier.swift */,
			);
			path = ViewModifiers;
			sourceTree = "<group>";
		};
		E6A477682A284DA40024081F = {
			isa = PBXGroup;
			children = (
				E6A477732A284DA40024081F /* messenger */,
				E6A477722A284DA40024081F /* Products */,
			);
			sourceTree = "<group>";
		};
		E6A477722A284DA40024081F /* Products */ = {
			isa = PBXGroup;
			children = (
				E6A477712A284DA40024081F /* messenger.app */,
			);
			name = Products;
			sourceTree = "<group>";
		};
		E6A477732A284DA40024081F /* messenger */ = {
			isa = PBXGroup;
			children = (
				E600BD202A3835EB009F099B /* LKUIKit */,
				E6D38B572A34910D009BC2DA /* Resources */,
				E6ED6BEE2A2F36A60052611A /* Helpers */,
				E6ED6BDF2A2C90220052611A /* Screens */,
				E652A8DE2A28C83F0010F621 /* MessageService */,
				E6A477742A284DA40024081F /* MessengerApp.swift */,
				E6A477782A284DA40024081F /* Assets.xcassets */,
				E6D38B5C2A349208009BC2DA /* Info.plist */,
				E6A4777A2A284DA40024081F /* Preview Content */,
			);
			path = messenger;
			sourceTree = "<group>";
		};
		E6A4777A2A284DA40024081F /* Preview Content */ = {
			isa = PBXGroup;
			children = (
				E6A4777B2A284DA40024081F /* Preview Assets.xcassets */,
			);
			path = "Preview Content";
			sourceTree = "<group>";
		};
		E6D38B572A34910D009BC2DA /* Resources */ = {
			isa = PBXGroup;
			children = (
				E62030A82A36E3FE00B743AE /* Fonts */,
			);
			path = Resources;
			sourceTree = "<group>";
		};
		E6ED6BDC2A2C8EA40052611A /* Extensions */ = {
			isa = PBXGroup;
			children = (
				E600BD292A38472B009F099B /* Core */,
				E600BD282A3846FA009F099B /* Entities */,
				E600BD272A3846DD009F099B /* UI */,
			);
			path = Extensions;
			sourceTree = "<group>";
		};
		E6ED6BDF2A2C90220052611A /* Screens */ = {
			isa = PBXGroup;
			children = (
				E6ED6BE12A2C903B0052611A /* PollCreatorScreen */,
				E6ED6BE02A2C90370052611A /* MessageListScreen */,
			);
			path = Screens;
			sourceTree = "<group>";
		};
		E6ED6BE02A2C90370052611A /* MessageListScreen */ = {
			isa = PBXGroup;
			children = (
				E6ED6BE22A2C904F0052611A /* Views */,
				E6A477762A284DA40024081F /* MessageListScreen.swift */,
				E600BD232A383B3D009F099B /* MessageListViewModel.swift */,
			);
			path = MessageListScreen;
			sourceTree = "<group>";
		};
		E6ED6BE12A2C903B0052611A /* PollCreatorScreen */ = {
			isa = PBXGroup;
			children = (
				E6ED6BEB2A2F28210052611A /* Views */,
				E6ED6BE92A2D9C150052611A /* PollCreatorScreen.swift */,
				E600BD212A383B0D009F099B /* PollCreatorViewModel.swift */,
			);
			path = PollCreatorScreen;
			sourceTree = "<group>";
		};
		E6ED6BE22A2C904F0052611A /* Views */ = {
			isa = PBXGroup;
			children = (
				E6ED6BE32A2C90650052611A /* TextMessageView.swift */,
				E6ED6BE52A2C90750052611A /* PollMessageView.swift */,
				E6ED6BE72A2C94D30052611A /* MessageTextField.swift */,
			);
			path = Views;
			sourceTree = "<group>";
		};
		E6ED6BEB2A2F28210052611A /* Views */ = {
			isa = PBXGroup;
			children = (
				E6767B102A381E4700EEB385 /* PollAddAnOptionView.swift */,
				E6ED6BEC2A2F282B0052611A /* PollEditOptionView.swift */,
			);
			path = Views;
			sourceTree = "<group>";
		};
		E6ED6BEE2A2F36A60052611A /* Helpers */ = {
			isa = PBXGroup;
			children = (
				E6767B0D2A372AEF00EEB385 /* ViewModifiers */,
				E6ED6BDC2A2C8EA40052611A /* Extensions */,
				E612C2E02A31F861003CFB70 /* Constants.swift */,
			);
			path = Helpers;
			sourceTree = "<group>";
		};
/* End PBXGroup section */

/* Begin PBXNativeTarget section */
		E6A477702A284DA40024081F /* messenger */ = {
			isa = PBXNativeTarget;
			buildConfigurationList = E6A4777F2A284DA40024081F /* Build configuration list for PBXNativeTarget "messenger" */;
			buildPhases = (
				E6A4776D2A284DA40024081F /* Sources */,
				E6A4776E2A284DA40024081F /* Frameworks */,
				E6A4776F2A284DA40024081F /* Resources */,
			);
			buildRules = (
			);
			dependencies = (
			);
			name = messenger;
			packageProductDependencies = (
				E6B8489C2A309BE50080D447 /* SFSafeSymbols */,
				E600BD2B2A385238009F099B /* Factory */,
			);
			productName = messenger;
			productReference = E6A477712A284DA40024081F /* messenger.app */;
			productType = "com.apple.product-type.application";
		};
/* End PBXNativeTarget section */

/* Begin PBXProject section */
		E6A477692A284DA40024081F /* Project object */ = {
			isa = PBXProject;
			attributes = {
				BuildIndependentTargetsInParallel = 1;
				LastSwiftUpdateCheck = 1430;
				LastUpgradeCheck = 1430;
				TargetAttributes = {
					E6A477702A284DA40024081F = {
						CreatedOnToolsVersion = 14.3;
					};
				};
			};
			buildConfigurationList = E6A4776C2A284DA40024081F /* Build configuration list for PBXProject "messenger" */;
			compatibilityVersion = "Xcode 14.0";
			developmentRegion = en;
			hasScannedForEncodings = 0;
			knownRegions = (
				en,
				Base,
			);
			mainGroup = E6A477682A284DA40024081F;
			packageReferences = (
				E6ED6BD92A2C8E610052611A /* XCRemoteSwiftPackageReference "url-image" */,
				E6B8489B2A309BE50080D447 /* XCRemoteSwiftPackageReference "SFSafeSymbols" */,
				E600BD2A2A385238009F099B /* XCRemoteSwiftPackageReference "Factory" */,
			);
			productRefGroup = E6A477722A284DA40024081F /* Products */;
			projectDirPath = "";
			projectRoot = "";
			targets = (
				E6A477702A284DA40024081F /* messenger */,
			);
		};
/* End PBXProject section */

/* Begin PBXResourcesBuildPhase section */
		E6A4776F2A284DA40024081F /* Resources */ = {
			isa = PBXResourcesBuildPhase;
			buildActionMask = 2147483647;
			files = (
				E6A4777C2A284DA40024081F /* Preview Assets.xcassets in Resources */,
				E6D38B5A2A34911D009BC2DA /* Poppins-Bold.ttf in Resources */,
				E6A477792A284DA40024081F /* Assets.xcassets in Resources */,
				E6D38B642A358228009BC2DA /* Poppins-SemiBold.ttf in Resources */,
				E6D38B5B2A34911D009BC2DA /* Poppins-Regular.ttf in Resources */,
				E6D38B622A357BFC009BC2DA /* Poppins-Medium.ttf in Resources */,
			);
			runOnlyForDeploymentPostprocessing = 0;
		};
/* End PBXResourcesBuildPhase section */

/* Begin PBXSourcesBuildPhase section */
		E6A4776D2A284DA40024081F /* Sources */ = {
			isa = PBXSourcesBuildPhase;
			buildActionMask = 2147483647;
			files = (
				E6D38B5E2A34924B009BC2DA /* Font+Extensions.swift in Sources */,
				E6ED6BE42A2C90650052611A /* TextMessageView.swift in Sources */,
				E6ED6BDE2A2C8EB70052611A /* User+Extensions.swift in Sources */,
				E6ED6BED2A2F282B0052611A /* PollEditOptionView.swift in Sources */,
				E6767B112A381E4700EEB385 /* PollAddAnOptionView.swift in Sources */,
				E600BD242A383B3D009F099B /* MessageListViewModel.swift in Sources */,
				E6767B0F2A381DE300EEB385 /* MockMessageService.swift in Sources */,
				E600BD222A383B0D009F099B /* PollCreatorViewModel.swift in Sources */,
				E652A8E82A28C9650010F621 /* MessageService.swift in Sources */,
				E6ED6BE82A2C94D30052611A /* MessageTextField.swift in Sources */,
				E612C2E12A31F861003CFB70 /* Constants.swift in Sources */,
				E600BD262A38468B009F099B /* AvatarView+Extensions.swift in Sources */,
				E6C4BF982A35C33B00A9BBFF /* PollMessage+Extensions.swift in Sources */,
				E6D38B602A357A52009BC2DA /* AvatarView.swift in Sources */,
				E652A8E12A28C8650010F621 /* Messages.swift in Sources */,
				E6ED6BEA2A2D9C150052611A /* PollCreatorScreen.swift in Sources */,
				E612C2E32A320014003CFB70 /* LKColors+Extensions.swift in Sources */,
				E600BD1F2A38347D009F099B /* ImageTitleToggle.swift in Sources */,
				E6A477772A284DA40024081F /* MessageListScreen.swift in Sources */,
				E652A8E52A28C9120010F621 /* User.swift in Sources */,
				E66E585A2A35C8BF00A9DC82 /* Poll+Extensions.swift in Sources */,
				E6097F1D2A36E73600663BE6 /* InfoSection.swift in Sources */,
				E6A11BBA2A31DC8B0041B705 /* View+Extensions.swift in Sources */,
				E6767B0A2A372A6C00EEB385 /* HideKeyboardOnScrollModifier.swift in Sources */,
				E6B8489F2A30BA6C0080D447 /* Binding+Extensions.swift in Sources */,
				E612C2DF2A31F6F5003CFB70 /* Color+Extensions.swift in Sources */,
				E6A477752A284DA40024081F /* MessengerApp.swift in Sources */,
				E6ED6BE62A2C90750052611A /* PollMessageView.swift in Sources */,
			);
			runOnlyForDeploymentPostprocessing = 0;
		};
/* End PBXSourcesBuildPhase section */

/* Begin XCBuildConfiguration section */
		E6A4777D2A284DA40024081F /* Debug */ = {
			isa = XCBuildConfiguration;
			buildSettings = {
				ALWAYS_SEARCH_USER_PATHS = NO;
				CLANG_ANALYZER_NONNULL = YES;
				CLANG_ANALYZER_NUMBER_OBJECT_CONVERSION = YES_AGGRESSIVE;
				CLANG_CXX_LANGUAGE_STANDARD = "gnu++20";
				CLANG_ENABLE_MODULES = YES;
				CLANG_ENABLE_OBJC_ARC = YES;
				CLANG_ENABLE_OBJC_WEAK = YES;
				CLANG_WARN_BLOCK_CAPTURE_AUTORELEASING = YES;
				CLANG_WARN_BOOL_CONVERSION = YES;
				CLANG_WARN_COMMA = YES;
				CLANG_WARN_CONSTANT_CONVERSION = YES;
				CLANG_WARN_DEPRECATED_OBJC_IMPLEMENTATIONS = YES;
				CLANG_WARN_DIRECT_OBJC_ISA_USAGE = YES_ERROR;
				CLANG_WARN_DOCUMENTATION_COMMENTS = YES;
				CLANG_WARN_EMPTY_BODY = YES;
				CLANG_WARN_ENUM_CONVERSION = YES;
				CLANG_WARN_INFINITE_RECURSION = YES;
				CLANG_WARN_INT_CONVERSION = YES;
				CLANG_WARN_NON_LITERAL_NULL_CONVERSION = YES;
				CLANG_WARN_OBJC_IMPLICIT_RETAIN_SELF = YES;
				CLANG_WARN_OBJC_LITERAL_CONVERSION = YES;
				CLANG_WARN_OBJC_ROOT_CLASS = YES_ERROR;
				CLANG_WARN_QUOTED_INCLUDE_IN_FRAMEWORK_HEADER = YES;
				CLANG_WARN_RANGE_LOOP_ANALYSIS = YES;
				CLANG_WARN_STRICT_PROTOTYPES = YES;
				CLANG_WARN_SUSPICIOUS_MOVE = YES;
				CLANG_WARN_UNGUARDED_AVAILABILITY = YES_AGGRESSIVE;
				CLANG_WARN_UNREACHABLE_CODE = YES;
				CLANG_WARN__DUPLICATE_METHOD_MATCH = YES;
				COPY_PHASE_STRIP = NO;
				DEBUG_INFORMATION_FORMAT = dwarf;
				ENABLE_STRICT_OBJC_MSGSEND = YES;
				ENABLE_TESTABILITY = YES;
				GCC_C_LANGUAGE_STANDARD = gnu11;
				GCC_DYNAMIC_NO_PIC = NO;
				GCC_NO_COMMON_BLOCKS = YES;
				GCC_OPTIMIZATION_LEVEL = 0;
				GCC_PREPROCESSOR_DEFINITIONS = (
					"DEBUG=1",
					"$(inherited)",
				);
				GCC_WARN_64_TO_32_BIT_CONVERSION = YES;
				GCC_WARN_ABOUT_RETURN_TYPE = YES_ERROR;
				GCC_WARN_UNDECLARED_SELECTOR = YES;
				GCC_WARN_UNINITIALIZED_AUTOS = YES_AGGRESSIVE;
				GCC_WARN_UNUSED_FUNCTION = YES;
				GCC_WARN_UNUSED_VARIABLE = YES;
				IPHONEOS_DEPLOYMENT_TARGET = 16.4;
				MTL_ENABLE_DEBUG_INFO = INCLUDE_SOURCE;
				MTL_FAST_MATH = YES;
				ONLY_ACTIVE_ARCH = YES;
				SDKROOT = iphoneos;
				SWIFT_ACTIVE_COMPILATION_CONDITIONS = DEBUG;
				SWIFT_OPTIMIZATION_LEVEL = "-Onone";
			};
			name = Debug;
		};
		E6A4777E2A284DA40024081F /* Release */ = {
			isa = XCBuildConfiguration;
			buildSettings = {
				ALWAYS_SEARCH_USER_PATHS = NO;
				CLANG_ANALYZER_NONNULL = YES;
				CLANG_ANALYZER_NUMBER_OBJECT_CONVERSION = YES_AGGRESSIVE;
				CLANG_CXX_LANGUAGE_STANDARD = "gnu++20";
				CLANG_ENABLE_MODULES = YES;
				CLANG_ENABLE_OBJC_ARC = YES;
				CLANG_ENABLE_OBJC_WEAK = YES;
				CLANG_WARN_BLOCK_CAPTURE_AUTORELEASING = YES;
				CLANG_WARN_BOOL_CONVERSION = YES;
				CLANG_WARN_COMMA = YES;
				CLANG_WARN_CONSTANT_CONVERSION = YES;
				CLANG_WARN_DEPRECATED_OBJC_IMPLEMENTATIONS = YES;
				CLANG_WARN_DIRECT_OBJC_ISA_USAGE = YES_ERROR;
				CLANG_WARN_DOCUMENTATION_COMMENTS = YES;
				CLANG_WARN_EMPTY_BODY = YES;
				CLANG_WARN_ENUM_CONVERSION = YES;
				CLANG_WARN_INFINITE_RECURSION = YES;
				CLANG_WARN_INT_CONVERSION = YES;
				CLANG_WARN_NON_LITERAL_NULL_CONVERSION = YES;
				CLANG_WARN_OBJC_IMPLICIT_RETAIN_SELF = YES;
				CLANG_WARN_OBJC_LITERAL_CONVERSION = YES;
				CLANG_WARN_OBJC_ROOT_CLASS = YES_ERROR;
				CLANG_WARN_QUOTED_INCLUDE_IN_FRAMEWORK_HEADER = YES;
				CLANG_WARN_RANGE_LOOP_ANALYSIS = YES;
				CLANG_WARN_STRICT_PROTOTYPES = YES;
				CLANG_WARN_SUSPICIOUS_MOVE = YES;
				CLANG_WARN_UNGUARDED_AVAILABILITY = YES_AGGRESSIVE;
				CLANG_WARN_UNREACHABLE_CODE = YES;
				CLANG_WARN__DUPLICATE_METHOD_MATCH = YES;
				COPY_PHASE_STRIP = NO;
				DEBUG_INFORMATION_FORMAT = "dwarf-with-dsym";
				ENABLE_NS_ASSERTIONS = NO;
				ENABLE_STRICT_OBJC_MSGSEND = YES;
				GCC_C_LANGUAGE_STANDARD = gnu11;
				GCC_NO_COMMON_BLOCKS = YES;
				GCC_WARN_64_TO_32_BIT_CONVERSION = YES;
				GCC_WARN_ABOUT_RETURN_TYPE = YES_ERROR;
				GCC_WARN_UNDECLARED_SELECTOR = YES;
				GCC_WARN_UNINITIALIZED_AUTOS = YES_AGGRESSIVE;
				GCC_WARN_UNUSED_FUNCTION = YES;
				GCC_WARN_UNUSED_VARIABLE = YES;
				IPHONEOS_DEPLOYMENT_TARGET = 16.4;
				MTL_ENABLE_DEBUG_INFO = NO;
				MTL_FAST_MATH = YES;
				SDKROOT = iphoneos;
				SWIFT_COMPILATION_MODE = wholemodule;
				SWIFT_OPTIMIZATION_LEVEL = "-O";
				VALIDATE_PRODUCT = YES;
			};
			name = Release;
		};
		E6A477802A284DA40024081F /* Debug */ = {
			isa = XCBuildConfiguration;
			buildSettings = {
				ASSETCATALOG_COMPILER_APPICON_NAME = AppIcon;
				ASSETCATALOG_COMPILER_GLOBAL_ACCENT_COLOR_NAME = AccentColor;
				CODE_SIGN_STYLE = Automatic;
				CURRENT_PROJECT_VERSION = 1;
				DEVELOPMENT_ASSET_PATHS = "\"messenger/Preview Content\"";
				DEVELOPMENT_TEAM = UABCUKG5HN;
				ENABLE_PREVIEWS = YES;
				GENERATE_INFOPLIST_FILE = YES;
				INFOPLIST_FILE = messenger/Info.plist;
				INFOPLIST_KEY_UIApplicationSceneManifest_Generation = YES;
				INFOPLIST_KEY_UIApplicationSupportsIndirectInputEvents = YES;
				INFOPLIST_KEY_UILaunchScreen_Generation = YES;
				INFOPLIST_KEY_UIStatusBarStyle = UIStatusBarStyleDarkContent;
				INFOPLIST_KEY_UISupportedInterfaceOrientations = UIInterfaceOrientationPortrait;
				IPHONEOS_DEPLOYMENT_TARGET = 14.7;
				LD_RUNPATH_SEARCH_PATHS = (
					"$(inherited)",
					"@executable_path/Frameworks",
				);
				MARKETING_VERSION = 1.0;
				PRODUCT_BUNDLE_IDENTIFIER = com.sashkyn.messenger;
				PRODUCT_NAME = "$(TARGET_NAME)";
				SWIFT_EMIT_LOC_STRINGS = YES;
				SWIFT_VERSION = 5.0;
				TARGETED_DEVICE_FAMILY = "1,2";
			};
			name = Debug;
		};
		E6A477812A284DA40024081F /* Release */ = {
			isa = XCBuildConfiguration;
			buildSettings = {
				ASSETCATALOG_COMPILER_APPICON_NAME = AppIcon;
				ASSETCATALOG_COMPILER_GLOBAL_ACCENT_COLOR_NAME = AccentColor;
				CODE_SIGN_STYLE = Automatic;
				CURRENT_PROJECT_VERSION = 1;
				DEVELOPMENT_ASSET_PATHS = "\"messenger/Preview Content\"";
				DEVELOPMENT_TEAM = UABCUKG5HN;
				ENABLE_PREVIEWS = YES;
				GENERATE_INFOPLIST_FILE = YES;
				INFOPLIST_FILE = messenger/Info.plist;
				INFOPLIST_KEY_UIApplicationSceneManifest_Generation = YES;
				INFOPLIST_KEY_UIApplicationSupportsIndirectInputEvents = YES;
				INFOPLIST_KEY_UILaunchScreen_Generation = YES;
				INFOPLIST_KEY_UIStatusBarStyle = UIStatusBarStyleDarkContent;
				INFOPLIST_KEY_UISupportedInterfaceOrientations = UIInterfaceOrientationPortrait;
				IPHONEOS_DEPLOYMENT_TARGET = 14.7;
				LD_RUNPATH_SEARCH_PATHS = (
					"$(inherited)",
					"@executable_path/Frameworks",
				);
				MARKETING_VERSION = 1.0;
				PRODUCT_BUNDLE_IDENTIFIER = com.sashkyn.messenger;
				PRODUCT_NAME = "$(TARGET_NAME)";
				SWIFT_EMIT_LOC_STRINGS = YES;
				SWIFT_VERSION = 5.0;
				TARGETED_DEVICE_FAMILY = "1,2";
			};
			name = Release;
		};
/* End XCBuildConfiguration section */

/* Begin XCConfigurationList section */
		E6A4776C2A284DA40024081F /* Build configuration list for PBXProject "messenger" */ = {
			isa = XCConfigurationList;
			buildConfigurations = (
				E6A4777D2A284DA40024081F /* Debug */,
				E6A4777E2A284DA40024081F /* Release */,
			);
			defaultConfigurationIsVisible = 0;
			defaultConfigurationName = Release;
		};
		E6A4777F2A284DA40024081F /* Build configuration list for PBXNativeTarget "messenger" */ = {
			isa = XCConfigurationList;
			buildConfigurations = (
				E6A477802A284DA40024081F /* Debug */,
				E6A477812A284DA40024081F /* Release */,
			);
			defaultConfigurationIsVisible = 0;
			defaultConfigurationName = Release;
		};
/* End XCConfigurationList section */

/* Begin XCRemoteSwiftPackageReference section */
		E600BD2A2A385238009F099B /* XCRemoteSwiftPackageReference "Factory" */ = {
			isa = XCRemoteSwiftPackageReference;
			repositoryURL = "https://github.com/hmlongco/Factory";
			requirement = {
				kind = upToNextMajorVersion;
				minimumVersion = 2.0.0;
			};
		};
		E6B8489B2A309BE50080D447 /* XCRemoteSwiftPackageReference "SFSafeSymbols" */ = {
			isa = XCRemoteSwiftPackageReference;
			repositoryURL = "https://github.com/SFSafeSymbols/SFSafeSymbols";
			requirement = {
				kind = upToNextMajorVersion;
				minimumVersion = 4.0.0;
			};
		};
		E6ED6BD92A2C8E610052611A /* XCRemoteSwiftPackageReference "url-image" */ = {
			isa = XCRemoteSwiftPackageReference;
			repositoryURL = "https://github.com/dmytro-anokhin/url-image";
			requirement = {
				kind = upToNextMajorVersion;
				minimumVersion = 3.0.0;
			};
		};
/* End XCRemoteSwiftPackageReference section */

/* Begin XCSwiftPackageProductDependency section */
		E600BD2B2A385238009F099B /* Factory */ = {
			isa = XCSwiftPackageProductDependency;
			package = E600BD2A2A385238009F099B /* XCRemoteSwiftPackageReference "Factory" */;
			productName = Factory;
		};
		E6B8489C2A309BE50080D447 /* SFSafeSymbols */ = {
			isa = XCSwiftPackageProductDependency;
			package = E6B8489B2A309BE50080D447 /* XCRemoteSwiftPackageReference "SFSafeSymbols" */;
			productName = SFSafeSymbols;
		};
/* End XCSwiftPackageProductDependency section */
	};
	rootObject = E6A477692A284DA40024081F /* Project object */;
}
